// !$*UTF8*$!
{
	archiveVersion = 1;
	classes = {
	};
	objectVersion = 50;
	objects = {

/* Begin PBXBuildFile section */
		5EE4F26B26CA784F0018EC9B /* NotificationListView.swift in Sources */ = {isa = PBXBuildFile; fileRef = 5EE4F26A26CA784F0018EC9B /* NotificationListView.swift */; };
		5EE4F26D26CA78AD0018EC9B /* NotificationManager.swift in Sources */ = {isa = PBXBuildFile; fileRef = 5EE4F26C26CA78AD0018EC9B /* NotificationManager.swift */; };
		EB1B43872699455E008D6DAC /* NoItemsView.swift in Sources */ = {isa = PBXBuildFile; fileRef = EB1B43862699455E008D6DAC /* NoItemsView.swift */; };
		EB609690269BF56400628F36 /* RecurringView.swift in Sources */ = {isa = PBXBuildFile; fileRef = EB60968F269BF56400628F36 /* RecurringView.swift */; };
		EBF99A3326970EBB0083CDE5 /* ToDoListApp.swift in Sources */ = {isa = PBXBuildFile; fileRef = EBF99A3226970EBB0083CDE5 /* ToDoListApp.swift */; };
		EBF99A3726970EBC0083CDE5 /* Assets.xcassets in Resources */ = {isa = PBXBuildFile; fileRef = EBF99A3626970EBC0083CDE5 /* Assets.xcassets */; };
		EBF99A3A26970EBC0083CDE5 /* Preview Assets.xcassets in Resources */ = {isa = PBXBuildFile; fileRef = EBF99A3926970EBC0083CDE5 /* Preview Assets.xcassets */; };
		EBF99A4326970F360083CDE5 /* ListView.swift in Sources */ = {isa = PBXBuildFile; fileRef = EBF99A4226970F360083CDE5 /* ListView.swift */; };
		EBF99A45269710810083CDE5 /* ListRowView.swift in Sources */ = {isa = PBXBuildFile; fileRef = EBF99A44269710810083CDE5 /* ListRowView.swift */; };
		EBF99A47269712CF0083CDE5 /* AddView.swift in Sources */ = {isa = PBXBuildFile; fileRef = EBF99A46269712CF0083CDE5 /* AddView.swift */; };
		EBF99A4A26980BB20083CDE5 /* ItemModel.swift in Sources */ = {isa = PBXBuildFile; fileRef = EBF99A4926980BB20083CDE5 /* ItemModel.swift */; };
		EBF99A4E26980E830083CDE5 /* ListViewModel.swift in Sources */ = {isa = PBXBuildFile; fileRef = EBF99A4D26980E830083CDE5 /* ListViewModel.swift */; };
/* End PBXBuildFile section */

/* Begin PBXFileReference section */
		5EE4F26A26CA784F0018EC9B /* NotificationListView.swift */ = {isa = PBXFileReference; lastKnownFileType = sourcecode.swift; path = NotificationListView.swift; sourceTree = "<group>"; };
		5EE4F26C26CA78AD0018EC9B /* NotificationManager.swift */ = {isa = PBXFileReference; lastKnownFileType = sourcecode.swift; path = NotificationManager.swift; sourceTree = "<group>"; };
		EB1B43862699455E008D6DAC /* NoItemsView.swift */ = {isa = PBXFileReference; lastKnownFileType = sourcecode.swift; path = NoItemsView.swift; sourceTree = "<group>"; };
		EB60968F269BF56400628F36 /* RecurringView.swift */ = {isa = PBXFileReference; lastKnownFileType = sourcecode.swift; path = RecurringView.swift; sourceTree = "<group>"; };
		EBF99A2F26970EBB0083CDE5 /* ToDoList.app */ = {isa = PBXFileReference; explicitFileType = wrapper.application; includeInIndex = 0; path = ToDoList.app; sourceTree = BUILT_PRODUCTS_DIR; };
		EBF99A3226970EBB0083CDE5 /* ToDoListApp.swift */ = {isa = PBXFileReference; lastKnownFileType = sourcecode.swift; path = ToDoListApp.swift; sourceTree = "<group>"; };
		EBF99A3626970EBC0083CDE5 /* Assets.xcassets */ = {isa = PBXFileReference; lastKnownFileType = folder.assetcatalog; path = Assets.xcassets; sourceTree = "<group>"; };
		EBF99A3926970EBC0083CDE5 /* Preview Assets.xcassets */ = {isa = PBXFileReference; lastKnownFileType = folder.assetcatalog; path = "Preview Assets.xcassets"; sourceTree = "<group>"; };
		EBF99A3B26970EBC0083CDE5 /* Info.plist */ = {isa = PBXFileReference; lastKnownFileType = text.plist.xml; path = Info.plist; sourceTree = "<group>"; };
		EBF99A4226970F360083CDE5 /* ListView.swift */ = {isa = PBXFileReference; lastKnownFileType = sourcecode.swift; path = ListView.swift; sourceTree = "<group>"; };
		EBF99A44269710810083CDE5 /* ListRowView.swift */ = {isa = PBXFileReference; lastKnownFileType = sourcecode.swift; path = ListRowView.swift; sourceTree = "<group>"; };
		EBF99A46269712CF0083CDE5 /* AddView.swift */ = {isa = PBXFileReference; lastKnownFileType = sourcecode.swift; path = AddView.swift; sourceTree = "<group>"; };
		EBF99A4926980BB20083CDE5 /* ItemModel.swift */ = {isa = PBXFileReference; lastKnownFileType = sourcecode.swift; path = ItemModel.swift; sourceTree = "<group>"; };
		EBF99A4D26980E830083CDE5 /* ListViewModel.swift */ = {isa = PBXFileReference; lastKnownFileType = sourcecode.swift; path = ListViewModel.swift; sourceTree = "<group>"; };
/* End PBXFileReference section */

/* Begin PBXFrameworksBuildPhase section */
		EBF99A2C26970EBB0083CDE5 /* Frameworks */ = {
			isa = PBXFrameworksBuildPhase;
			buildActionMask = 2147483647;
			files = (
			);
			runOnlyForDeploymentPostprocessing = 0;
		};
/* End PBXFrameworksBuildPhase section */

/* Begin PBXGroup section */
		EBF99A2626970EBB0083CDE5 = {
			isa = PBXGroup;
			children = (
				EBF99A4C26980E780083CDE5 /* ViewModels */,
				EBF99A3126970EBB0083CDE5 /* ToDoList */,
				EBF99A3026970EBB0083CDE5 /* Products */,
			);
			sourceTree = "<group>";
		};
		EBF99A3026970EBB0083CDE5 /* Products */ = {
			isa = PBXGroup;
			children = (
				EBF99A2F26970EBB0083CDE5 /* ToDoList.app */,
			);
			name = Products;
			sourceTree = "<group>";
		};
		EBF99A3126970EBB0083CDE5 /* ToDoList */ = {
			isa = PBXGroup;
			children = (
				EBF99A3226970EBB0083CDE5 /* ToDoListApp.swift */,
				EBF99A4826980BA60083CDE5 /* Models */,
				EBF99A4126970F210083CDE5 /* Views */,
				EBF99A3626970EBC0083CDE5 /* Assets.xcassets */,
				EBF99A3B26970EBC0083CDE5 /* Info.plist */,
				EBF99A3826970EBC0083CDE5 /* Preview Content */,
			);
			path = ToDoList;
			sourceTree = "<group>";
		};
		EBF99A3826970EBC0083CDE5 /* Preview Content */ = {
			isa = PBXGroup;
			children = (
				EBF99A3926970EBC0083CDE5 /* Preview Assets.xcassets */,
			);
			path = "Preview Content";
			sourceTree = "<group>";
		};
		EBF99A4126970F210083CDE5 /* Views */ = {
			isa = PBXGroup;
			children = (
				EBF99A4226970F360083CDE5 /* ListView.swift */,
				EBF99A44269710810083CDE5 /* ListRowView.swift */,
				EBF99A46269712CF0083CDE5 /* AddView.swift */,
				EB1B43862699455E008D6DAC /* NoItemsView.swift */,
				EB60968F269BF56400628F36 /* RecurringView.swift */,
				5EE4F26A26CA784F0018EC9B /* NotificationListView.swift */,
			);
			path = Views;
			sourceTree = "<group>";
		};
		EBF99A4826980BA60083CDE5 /* Models */ = {
			isa = PBXGroup;
			children = (
				EBF99A4926980BB20083CDE5 /* ItemModel.swift */,
			);
			path = Models;
			sourceTree = "<group>";
		};
		EBF99A4C26980E780083CDE5 /* ViewModels */ = {
			isa = PBXGroup;
			children = (
				5EE4F26C26CA78AD0018EC9B /* NotificationManager.swift */,
				EBF99A4D26980E830083CDE5 /* ListViewModel.swift */,
			);
			path = ViewModels;
			sourceTree = "<group>";
		};
/* End PBXGroup section */

/* Begin PBXNativeTarget section */
		EBF99A2E26970EBB0083CDE5 /* ToDoList */ = {
			isa = PBXNativeTarget;
			buildConfigurationList = EBF99A3E26970EBC0083CDE5 /* Build configuration list for PBXNativeTarget "ToDoList" */;
			buildPhases = (
				EBF99A2B26970EBB0083CDE5 /* Sources */,
				EBF99A2C26970EBB0083CDE5 /* Frameworks */,
				EBF99A2D26970EBB0083CDE5 /* Resources */,
			);
			buildRules = (
			);
			dependencies = (
			);
			name = ToDoList;
			productName = ToDoList;
			productReference = EBF99A2F26970EBB0083CDE5 /* ToDoList.app */;
			productType = "com.apple.product-type.application";
		};
/* End PBXNativeTarget section */

/* Begin PBXProject section */
		EBF99A2726970EBB0083CDE5 /* Project object */ = {
			isa = PBXProject;
			attributes = {
				LastSwiftUpdateCheck = 1250;
				LastUpgradeCheck = 1250;
				TargetAttributes = {
					EBF99A2E26970EBB0083CDE5 = {
						CreatedOnToolsVersion = 12.5.1;
					};
				};
			};
			buildConfigurationList = EBF99A2A26970EBB0083CDE5 /* Build configuration list for PBXProject "ToDoList" */;
			compatibilityVersion = "Xcode 9.3";
			developmentRegion = en;
			hasScannedForEncodings = 0;
			knownRegions = (
				en,
				Base,
			);
			mainGroup = EBF99A2626970EBB0083CDE5;
			productRefGroup = EBF99A3026970EBB0083CDE5 /* Products */;
			projectDirPath = "";
			projectRoot = "";
			targets = (
				EBF99A2E26970EBB0083CDE5 /* ToDoList */,
			);
		};
/* End PBXProject section */

/* Begin PBXResourcesBuildPhase section */
		EBF99A2D26970EBB0083CDE5 /* Resources */ = {
			isa = PBXResourcesBuildPhase;
			buildActionMask = 2147483647;
			files = (
				EBF99A3A26970EBC0083CDE5 /* Preview Assets.xcassets in Resources */,
				EBF99A3726970EBC0083CDE5 /* Assets.xcassets in Resources */,
			);
			runOnlyForDeploymentPostprocessing = 0;
		};
/* End PBXResourcesBuildPhase section */

/* Begin PBXSourcesBuildPhase section */
		EBF99A2B26970EBB0083CDE5 /* Sources */ = {
			isa = PBXSourcesBuildPhase;
			buildActionMask = 2147483647;
			files = (
				EBF99A4A26980BB20083CDE5 /* ItemModel.swift in Sources */,
				EBF99A47269712CF0083CDE5 /* AddView.swift in Sources */,
				5EE4F26D26CA78AD0018EC9B /* NotificationManager.swift in Sources */,
				EB609690269BF56400628F36 /* RecurringView.swift in Sources */,
				EBF99A4E26980E830083CDE5 /* ListViewModel.swift in Sources */,
				EBF99A3326970EBB0083CDE5 /* ToDoListApp.swift in Sources */,
				5EE4F26B26CA784F0018EC9B /* NotificationListView.swift in Sources */,
				EBF99A4326970F360083CDE5 /* ListView.swift in Sources */,
				EB1B43872699455E008D6DAC /* NoItemsView.swift in Sources */,
				EBF99A45269710810083CDE5 /* ListRowView.swift in Sources */,
			);
			runOnlyForDeploymentPostprocessing = 0;
		};
/* End PBXSourcesBuildPhase section */

/* Begin XCBuildConfiguration section */
		EBF99A3C26970EBC0083CDE5 /* Debug */ = {
			isa = XCBuildConfiguration;
			buildSettings = {
				ALWAYS_SEARCH_USER_PATHS = NO;
				CLANG_ANALYZER_NONNULL = YES;
				CLANG_ANALYZER_NUMBER_OBJECT_CONVERSION = YES_AGGRESSIVE;
				CLANG_CXX_LANGUAGE_STANDARD = "gnu++14";
				CLANG_CXX_LIBRARY = "libc++";
				CLANG_ENABLE_MODULES = YES;
				CLANG_ENABLE_OBJC_ARC = YES;
				CLANG_ENABLE_OBJC_WEAK = YES;
				CLANG_WARN_BLOCK_CAPTURE_AUTORELEASING = YES;
				CLANG_WARN_BOOL_CONVERSION = YES;
				CLANG_WARN_COMMA = YES;
				CLANG_WARN_CONSTANT_CONVERSION = YES;
				CLANG_WARN_DEPRECATED_OBJC_IMPLEMENTATIONS = YES;
				CLANG_WARN_DIRECT_OBJC_ISA_USAGE = YES_ERROR;
				CLANG_WARN_DOCUMENTATION_COMMENTS = YES;
				CLANG_WARN_EMPTY_BODY = YES;
				CLANG_WARN_ENUM_CONVERSION = YES;
				CLANG_WARN_INFINITE_RECURSION = YES;
				CLANG_WARN_INT_CONVERSION = YES;
				CLANG_WARN_NON_LITERAL_NULL_CONVERSION = YES;
				CLANG_WARN_OBJC_IMPLICIT_RETAIN_SELF = YES;
				CLANG_WARN_OBJC_LITERAL_CONVERSION = YES;
				CLANG_WARN_OBJC_ROOT_CLASS = YES_ERROR;
				CLANG_WARN_QUOTED_INCLUDE_IN_FRAMEWORK_HEADER = YES;
				CLANG_WARN_RANGE_LOOP_ANALYSIS = YES;
				CLANG_WARN_STRICT_PROTOTYPES = YES;
				CLANG_WARN_SUSPICIOUS_MOVE = YES;
				CLANG_WARN_UNGUARDED_AVAILABILITY = YES_AGGRESSIVE;
				CLANG_WARN_UNREACHABLE_CODE = YES;
				CLANG_WARN__DUPLICATE_METHOD_MATCH = YES;
				COPY_PHASE_STRIP = NO;
				DEBUG_INFORMATION_FORMAT = dwarf;
				ENABLE_STRICT_OBJC_MSGSEND = YES;
				ENABLE_TESTABILITY = YES;
				GCC_C_LANGUAGE_STANDARD = gnu11;
				GCC_DYNAMIC_NO_PIC = NO;
				GCC_NO_COMMON_BLOCKS = YES;
				GCC_OPTIMIZATION_LEVEL = 0;
				GCC_PREPROCESSOR_DEFINITIONS = (
					"DEBUG=1",
					"$(inherited)",
				);
				GCC_WARN_64_TO_32_BIT_CONVERSION = YES;
				GCC_WARN_ABOUT_RETURN_TYPE = YES_ERROR;
				GCC_WARN_UNDECLARED_SELECTOR = YES;
				GCC_WARN_UNINITIALIZED_AUTOS = YES_AGGRESSIVE;
				GCC_WARN_UNUSED_FUNCTION = YES;
				GCC_WARN_UNUSED_VARIABLE = YES;
				IPHONEOS_DEPLOYMENT_TARGET = 14.5;
				MTL_ENABLE_DEBUG_INFO = INCLUDE_SOURCE;
				MTL_FAST_MATH = YES;
				ONLY_ACTIVE_ARCH = YES;
				SDKROOT = iphoneos;
				SWIFT_ACTIVE_COMPILATION_CONDITIONS = DEBUG;
				SWIFT_OPTIMIZATION_LEVEL = "-Onone";
			};
			name = Debug;
		};
		EBF99A3D26970EBC0083CDE5 /* Release */ = {
			isa = XCBuildConfiguration;
			buildSettings = {
				ALWAYS_SEARCH_USER_PATHS = NO;
				CLANG_ANALYZER_NONNULL = YES;
				CLANG_ANALYZER_NUMBER_OBJECT_CONVERSION = YES_AGGRESSIVE;
				CLANG_CXX_LANGUAGE_STANDARD = "gnu++14";
				CLANG_CXX_LIBRARY = "libc++";
				CLANG_ENABLE_MODULES = YES;
				CLANG_ENABLE_OBJC_ARC = YES;
				CLANG_ENABLE_OBJC_WEAK = YES;
				CLANG_WARN_BLOCK_CAPTURE_AUTORELEASING = YES;
				CLANG_WARN_BOOL_CONVERSION = YES;
				CLANG_WARN_COMMA = YES;
				CLANG_WARN_CONSTANT_CONVERSION = YES;
				CLANG_WARN_DEPRECATED_OBJC_IMPLEMENTATIONS = YES;
				CLANG_WARN_DIRECT_OBJC_ISA_USAGE = YES_ERROR;
				CLANG_WARN_DOCUMENTATION_COMMENTS = YES;
				CLANG_WARN_EMPTY_BODY = YES;
				CLANG_WARN_ENUM_CONVERSION = YES;
				CLANG_WARN_INFINITE_RECURSION = YES;
				CLANG_WARN_INT_CONVERSION = YES;
				CLANG_WARN_NON_LITERAL_NULL_CONVERSION = YES;
				CLANG_WARN_OBJC_IMPLICIT_RETAIN_SELF = YES;
				CLANG_WARN_OBJC_LITERAL_CONVERSION = YES;
				CLANG_WARN_OBJC_ROOT_CLASS = YES_ERROR;
				CLANG_WARN_QUOTED_INCLUDE_IN_FRAMEWORK_HEADER = YES;
				CLANG_WARN_RANGE_LOOP_ANALYSIS = YES;
				CLANG_WARN_STRICT_PROTOTYPES = YES;
				CLANG_WARN_SUSPICIOUS_MOVE = YES;
				CLANG_WARN_UNGUARDED_AVAILABILITY = YES_AGGRESSIVE;
				CLANG_WARN_UNREACHABLE_CODE = YES;
				CLANG_WARN__DUPLICATE_METHOD_MATCH = YES;
				COPY_PHASE_STRIP = NO;
				DEBUG_INFORMATION_FORMAT = "dwarf-with-dsym";
				ENABLE_NS_ASSERTIONS = NO;
				ENABLE_STRICT_OBJC_MSGSEND = YES;
				GCC_C_LANGUAGE_STANDARD = gnu11;
				GCC_NO_COMMON_BLOCKS = YES;
				GCC_WARN_64_TO_32_BIT_CONVERSION = YES;
				GCC_WARN_ABOUT_RETURN_TYPE = YES_ERROR;
				GCC_WARN_UNDECLARED_SELECTOR = YES;
				GCC_WARN_UNINITIALIZED_AUTOS = YES_AGGRESSIVE;
				GCC_WARN_UNUSED_FUNCTION = YES;
				GCC_WARN_UNUSED_VARIABLE = YES;
				IPHONEOS_DEPLOYMENT_TARGET = 14.5;
				MTL_ENABLE_DEBUG_INFO = NO;
				MTL_FAST_MATH = YES;
				SDKROOT = iphoneos;
				SWIFT_COMPILATION_MODE = wholemodule;
				SWIFT_OPTIMIZATION_LEVEL = "-O";
				VALIDATE_PRODUCT = YES;
			};
			name = Release;
		};
		EBF99A3F26970EBC0083CDE5 /* Debug */ = {
			isa = XCBuildConfiguration;
			buildSettings = {
				ASSETCATALOG_COMPILER_APPICON_NAME = AppIcon;
				ASSETCATALOG_COMPILER_GLOBAL_ACCENT_COLOR_NAME = AccentColor;
				CODE_SIGN_STYLE = Automatic;
				DEVELOPMENT_ASSET_PATHS = "\"ToDoList/Preview Content\"";
				DEVELOPMENT_TEAM = 9ZFR3T36CG;
				ENABLE_PREVIEWS = YES;
				INFOPLIST_FILE = ToDoList/Info.plist;
				IPHONEOS_DEPLOYMENT_TARGET = 14.0;
				LD_RUNPATH_SEARCH_PATHS = (
					"$(inherited)",
					"@executable_path/Frameworks",
				);
				PRODUCT_BUNDLE_IDENTIFIER = bobovivbri.ToDoList;
				PRODUCT_NAME = "$(TARGET_NAME)";
				SWIFT_VERSION = 5.0;
				TARGETED_DEVICE_FAMILY = "1,2";
			};
			name = Debug;
		};
		EBF99A4026970EBC0083CDE5 /* Release */ = {
			isa = XCBuildConfiguration;
			buildSettings = {
				ASSETCATALOG_COMPILER_APPICON_NAME = AppIcon;
				ASSETCATALOG_COMPILER_GLOBAL_ACCENT_COLOR_NAME = AccentColor;
				CODE_SIGN_STYLE = Automatic;
				DEVELOPMENT_ASSET_PATHS = "\"ToDoList/Preview Content\"";
				DEVELOPMENT_TEAM = 9ZFR3T36CG;
				ENABLE_PREVIEWS = YES;
				INFOPLIST_FILE = ToDoList/Info.plist;
				IPHONEOS_DEPLOYMENT_TARGET = 14.0;
				LD_RUNPATH_SEARCH_PATHS = (
					"$(inherited)",
					"@executable_path/Frameworks",
				);
				PRODUCT_BUNDLE_IDENTIFIER = bobovivbri.ToDoList;
				PRODUCT_NAME = "$(TARGET_NAME)";
				SWIFT_VERSION = 5.0;
				TARGETED_DEVICE_FAMILY = "1,2";
			};
			name = Release;
		};
/* End XCBuildConfiguration section */

/* Begin XCConfigurationList section */
		EBF99A2A26970EBB0083CDE5 /* Build configuration list for PBXProject "ToDoList" */ = {
			isa = XCConfigurationList;
			buildConfigurations = (
				EBF99A3C26970EBC0083CDE5 /* Debug */,
				EBF99A3D26970EBC0083CDE5 /* Release */,
			);
			defaultConfigurationIsVisible = 0;
			defaultConfigurationName = Release;
		};
		EBF99A3E26970EBC0083CDE5 /* Build configuration list for PBXNativeTarget "ToDoList" */ = {
			isa = XCConfigurationList;
			buildConfigurations = (
				EBF99A3F26970EBC0083CDE5 /* Debug */,
				EBF99A4026970EBC0083CDE5 /* Release */,
			);
			defaultConfigurationIsVisible = 0;
			defaultConfigurationName = Release;
		};
/* End XCConfigurationList section */
	};
	rootObject = EBF99A2726970EBB0083CDE5 /* Project object */;
}
